
Microsoft Visual Studio Solution File, Format Version 12.00
# Visual Studio Version 16
VisualStudioVersion = 16.0.30114.105
MinimumVisualStudioVersion = 10.0.40219.1
Project("{FAE04EC0-301F-11D3-BF4B-00C04F79EFBC}") = "R5T.Suebia.Default", "R5T.Suebia.Default\R5T.Suebia.Default.csproj", "{F83D1B66-8C3B-478E-98A7-3F5E6B93618C}"
EndProject
Project("{FAE04EC0-301F-11D3-BF4B-00C04F79EFBC}") = "R5T.Suebia.Default.Construction", "R5T.Suebia.Default.Construction\R5T.Suebia.Default.Construction.csproj", "{4C7B649C-E4A6-4728-BF4E-379A6B6A66A7}"
EndProject
Project("{FAE04EC0-301F-11D3-BF4B-00C04F79EFBC}") = "R5T.Suebia.Default.Testing", "R5T.Suebia.Default.Testing\R5T.Suebia.Default.Testing.csproj", "{C874B6EC-14A7-452C-8970-351E5A7F9CF1}"
EndProject
Project("{2150E333-8FDC-42A3-9474-1A3956D46DE8}") = "_Dependencies", "_Dependencies", "{B3BA9FFD-7B13-4EFF-9494-3C0E7D825A15}"
EndProject
Project("{FAE04EC0-301F-11D3-BF4B-00C04F79EFBC}") = "R5T.T0064", "..\..\R5T.T0064\source\R5T.T0064\R5T.T0064.csproj", "{8D4EAC4B-45D4-4983-929D-66F7F2021B29}"
EndProject
Global
	GlobalSection(SolutionConfigurationPlatforms) = preSolution
		Debug|Any CPU = Debug|Any CPU
		Debug|x64 = Debug|x64
		Debug|x86 = Debug|x86
		Release|Any CPU = Release|Any CPU
		Release|x64 = Release|x64
		Release|x86 = Release|x86
	EndGlobalSection
	GlobalSection(SolutionProperties) = preSolution
		HideSolutionNode = FALSE
	EndGlobalSection
	GlobalSection(ProjectConfigurationPlatforms) = postSolution
		{F83D1B66-8C3B-478E-98A7-3F5E6B93618C}.Debug|Any CPU.ActiveCfg = Debug|Any CPU
		{F83D1B66-8C3B-478E-98A7-3F5E6B93618C}.Debug|Any CPU.Build.0 = Debug|Any CPU
		{F83D1B66-8C3B-478E-98A7-3F5E6B93618C}.Debug|x64.ActiveCfg = Debug|Any CPU
		{F83D1B66-8C3B-478E-98A7-3F5E6B93618C}.Debug|x64.Build.0 = Debug|Any CPU
		{F83D1B66-8C3B-478E-98A7-3F5E6B93618C}.Debug|x86.ActiveCfg = Debug|Any CPU
		{F83D1B66-8C3B-478E-98A7-3F5E6B93618C}.Debug|x86.Build.0 = Debug|Any CPU
		{F83D1B66-8C3B-478E-98A7-3F5E6B93618C}.Release|Any CPU.ActiveCfg = Release|Any CPU
		{F83D1B66-8C3B-478E-98A7-3F5E6B93618C}.Release|Any CPU.Build.0 = Release|Any CPU
		{F83D1B66-8C3B-478E-98A7-3F5E6B93618C}.Release|x64.ActiveCfg = Release|Any CPU
		{F83D1B66-8C3B-478E-98A7-3F5E6B93618C}.Release|x64.Build.0 = Release|Any CPU
		{F83D1B66-8C3B-478E-98A7-3F5E6B93618C}.Release|x86.ActiveCfg = Release|Any CPU
		{F83D1B66-8C3B-478E-98A7-3F5E6B93618C}.Release|x86.Build.0 = Release|Any CPU
		{4C7B649C-E4A6-4728-BF4E-379A6B6A66A7}.Debug|Any CPU.ActiveCfg = Debug|Any CPU
		{4C7B649C-E4A6-4728-BF4E-379A6B6A66A7}.Debug|Any CPU.Build.0 = Debug|Any CPU
		{4C7B649C-E4A6-4728-BF4E-379A6B6A66A7}.Debug|x64.ActiveCfg = Debug|Any CPU
		{4C7B649C-E4A6-4728-BF4E-379A6B6A66A7}.Debug|x64.Build.0 = Debug|Any CPU
		{4C7B649C-E4A6-4728-BF4E-379A6B6A66A7}.Debug|x86.ActiveCfg = Debug|Any CPU
		{4C7B649C-E4A6-4728-BF4E-379A6B6A66A7}.Debug|x86.Build.0 = Debug|Any CPU
		{4C7B649C-E4A6-4728-BF4E-379A6B6A66A7}.Release|Any CPU.ActiveCfg = Release|Any CPU
		{4C7B649C-E4A6-4728-BF4E-379A6B6A66A7}.Release|Any CPU.Build.0 = Release|Any CPU
		{4C7B649C-E4A6-4728-BF4E-379A6B6A66A7}.Release|x64.ActiveCfg = Release|Any CPU
		{4C7B649C-E4A6-4728-BF4E-379A6B6A66A7}.Release|x64.Build.0 = Release|Any CPU
		{4C7B649C-E4A6-4728-BF4E-379A6B6A66A7}.Release|x86.ActiveCfg = Release|Any CPU
		{4C7B649C-E4A6-4728-BF4E-379A6B6A66A7}.Release|x86.Build.0 = Release|Any CPU
		{C874B6EC-14A7-452C-8970-351E5A7F9CF1}.Debug|Any CPU.ActiveCfg = Debug|Any CPU
		{C874B6EC-14A7-452C-8970-351E5A7F9CF1}.Debug|Any CPU.Build.0 = Debug|Any CPU
		{C874B6EC-14A7-452C-8970-351E5A7F9CF1}.Debug|x64.ActiveCfg = Debug|Any CPU
		{C874B6EC-14A7-452C-8970-351E5A7F9CF1}.Debug|x64.Build.0 = Debug|Any CPU
		{C874B6EC-14A7-452C-8970-351E5A7F9CF1}.Debug|x86.ActiveCfg = Debug|Any CPU
		{C874B6EC-14A7-452C-8970-351E5A7F9CF1}.Debug|x86.Build.0 = Debug|Any CPU
		{C874B6EC-14A7-452C-8970-351E5A7F9CF1}.Release|Any CPU.ActiveCfg = Release|Any CPU
		{C874B6EC-14A7-452C-8970-351E5A7F9CF1}.Release|Any CPU.Build.0 = Release|Any CPU
		{C874B6EC-14A7-452C-8970-351E5A7F9CF1}.Release|x64.ActiveCfg = Release|Any CPU
		{C874B6EC-14A7-452C-8970-351E5A7F9CF1}.Release|x64.Build.0 = Release|Any CPU
		{C874B6EC-14A7-452C-8970-351E5A7F9CF1}.Release|x86.ActiveCfg = Release|Any CPU
		{C874B6EC-14A7-452C-8970-351E5A7F9CF1}.Release|x86.Build.0 = Release|Any CPU
		{8D4EAC4B-45D4-4983-929D-66F7F2021B29}.Debug|Any CPU.ActiveCfg = Debug|Any CPU
		{8D4EAC4B-45D4-4983-929D-66F7F2021B29}.Debug|Any CPU.Build.0 = Debug|Any CPU
		{8D4EAC4B-45D4-4983-929D-66F7F2021B29}.Debug|x64.ActiveCfg = Debug|Any CPU
		{8D4EAC4B-45D4-4983-929D-66F7F2021B29}.Debug|x64.Build.0 = Debug|Any CPU
		{8D4EAC4B-45D4-4983-929D-66F7F2021B29}.Debug|x86.ActiveCfg = Debug|Any CPU
		{8D4EAC4B-45D4-4983-929D-66F7F2021B29}.Debug|x86.Build.0 = Debug|Any CPU
		{8D4EAC4B-45D4-4983-929D-66F7F2021B29}.Release|Any CPU.ActiveCfg = Release|Any CPU
		{8D4EAC4B-45D4-4983-929D-66F7F2021B29}.Release|Any CPU.Build.0 = Release|Any CPU
		{8D4EAC4B-45D4-4983-929D-66F7F2021B29}.Release|x64.ActiveCfg = Release|Any CPU
		{8D4EAC4B-45D4-4983-929D-66F7F2021B29}.Release|x64.Build.0 = Release|Any CPU
		{8D4EAC4B-45D4-4983-929D-66F7F2021B29}.Release|x86.ActiveCfg = Release|Any CPU
		{8D4EAC4B-45D4-4983-929D-66F7F2021B29}.Release|x86.Build.0 = Release|Any CPU
	EndGlobalSection
	GlobalSection(NestedProjects) = preSolution
		{8D4EAC4B-45D4-4983-929D-66F7F2021B29} = {B3BA9FFD-7B13-4EFF-9494-3C0E7D825A15}
	EndGlobalSection
EndGlobal
